
Microsoft Visual Studio Solution File, Format Version 12.00
# Visual Studio Version 17
VisualStudioVersion = 17.4.33122.133
MinimumVisualStudioVersion = 10.0.40219.1
Project("{9A19103F-16F7-4668-BE54-9A1E7A4F7556}") = "leonov_lab11", "leonov_lab11\leonov_lab11.csproj", "{95D85A5D-585D-4BB9-8584-90AD6500D29A}"
EndProject
Global
	GlobalSection(SolutionConfigurationPlatforms) = preSolution
		Debug|Any CPU = Debug|Any CPU
		Release|Any CPU = Release|Any CPU
	EndGlobalSection
	GlobalSection(ProjectConfigurationPlatforms) = postSolution
		{95D85A5D-585D-4BB9-8584-90AD6500D29A}.Debug|Any CPU.ActiveCfg = Debug|Any CPU
		{95D85A5D-585D-4BB9-8584-90AD6500D29A}.Debug|Any CPU.Build.0 = Debug|Any CPU
		{95D85A5D-585D-4BB9-8584-90AD6500D29A}.Release|Any CPU.ActiveCfg = Release|Any CPU
		{95D85A5D-585D-4BB9-8584-90AD6500D29A}.Release|Any CPU.Build.0 = Release|Any CPU
	EndGlobalSection
	GlobalSection(SolutionProperties) = preSolution
		HideSolutionNode = FALSE
	EndGlobalSection
	GlobalSection(ExtensibilityGlobals) = postSolution
		SolutionGuid = {5E827537-B6FE-4B16-8DB9-FD3F3C35742F}
	EndGlobalSection
EndGlobal
