
Microsoft Visual Studio Solution File, Format Version 12.00
# Visual Studio Version 17
VisualStudioVersion = 17.4.33122.133
MinimumVisualStudioVersion = 10.0.40219.1
Project("{9A19103F-16F7-4668-BE54-9A1E7A4F7556}") = "leonov_lab13", "leonov_lab13\leonov_lab13.csproj", "{3E8327B3-7AD1-46C8-82DF-A9AA89BD9474}"
EndProject
Global
	GlobalSection(SolutionConfigurationPlatforms) = preSolution
		Debug|Any CPU = Debug|Any CPU
		Release|Any CPU = Release|Any CPU
	EndGlobalSection
	GlobalSection(ProjectConfigurationPlatforms) = postSolution
		{3E8327B3-7AD1-46C8-82DF-A9AA89BD9474}.Debug|Any CPU.ActiveCfg = Debug|Any CPU
		{3E8327B3-7AD1-46C8-82DF-A9AA89BD9474}.Debug|Any CPU.Build.0 = Debug|Any CPU
		{3E8327B3-7AD1-46C8-82DF-A9AA89BD9474}.Release|Any CPU.ActiveCfg = Release|Any CPU
		{3E8327B3-7AD1-46C8-82DF-A9AA89BD9474}.Release|Any CPU.Build.0 = Release|Any CPU
	EndGlobalSection
	GlobalSection(SolutionProperties) = preSolution
		HideSolutionNode = FALSE
	EndGlobalSection
	GlobalSection(ExtensibilityGlobals) = postSolution
		SolutionGuid = {010E5CE1-D848-4BB0-A528-2A4C8637D386}
	EndGlobalSection
EndGlobal
